
Microsoft Visual Studio Solution File, Format Version 12.00
# Visual Studio 15
Project("{FAE04EC0-301F-11D3-BF4B-00C04F79EFBC}") = "Lab1_var7", "Lab1_var7\Lab1_var7.csproj", "{7047A20F-4AB8-4B0A-910C-7203E31BC52D}"
EndProject
Global
	GlobalSection(SolutionConfigurationPlatforms) = preSolution
		Debug|x86 = Debug|x86
		Release|x86 = Release|x86
	EndGlobalSection
	GlobalSection(ProjectConfigurationPlatforms) = postSolution
		{7047A20F-4AB8-4B0A-910C-7203E31BC52D}.Debug|x86.ActiveCfg = Debug|x86
		{7047A20F-4AB8-4B0A-910C-7203E31BC52D}.Debug|x86.Build.0 = Debug|x86
		{7047A20F-4AB8-4B0A-910C-7203E31BC52D}.Release|x86.ActiveCfg = Release|x86
		{7047A20F-4AB8-4B0A-910C-7203E31BC52D}.Release|x86.Build.0 = Release|x86
	EndGlobalSection
EndGlobal
